
Microsoft Visual Studio Solution File, Format Version 12.00
Project("{FAE04EC0-301F-11D3-BF4B-00C04F79EFBC}") = "WebApplication2", "WebApplication2\WebApplication2.csproj", "{97B03AD1-1087-4BFA-9C62-C046FF043ABB}"
EndProject
Global
	GlobalSection(SolutionConfigurationPlatforms) = preSolution
		Debug|Any CPU = Debug|Any CPU
		Release|Any CPU = Release|Any CPU
	EndGlobalSection
	GlobalSection(ProjectConfigurationPlatforms) = postSolution
		{97B03AD1-1087-4BFA-9C62-C046FF043ABB}.Debug|Any CPU.ActiveCfg = Debug|Any CPU
		{97B03AD1-1087-4BFA-9C62-C046FF043ABB}.Debug|Any CPU.Build.0 = Debug|Any CPU
		{97B03AD1-1087-4BFA-9C62-C046FF043ABB}.Release|Any CPU.ActiveCfg = Release|Any CPU
		{97B03AD1-1087-4BFA-9C62-C046FF043ABB}.Release|Any CPU.Build.0 = Release|Any CPU
	EndGlobalSection
EndGlobal
